
Microsoft Visual Studio Solution File, Format Version 12.00
# Visual Studio Version 17
VisualStudioVersion = 17.11.35303.130
MinimumVisualStudioVersion = 10.0.40219.1
Project("{FAE04EC0-301F-11D3-BF4B-00C04F79EFBC}") = "Yaz_Lab1_Proje2", "Yaz_Lab1_Proje2\Yaz_Lab1_Proje2.csproj", "{B762AD97-6594-4421-8201-1A21299E5FB7}"
EndProject
Global
	GlobalSection(SolutionConfigurationPlatforms) = preSolution
		Debug|Any CPU = Debug|Any CPU
		Release|Any CPU = Release|Any CPU
	EndGlobalSection
	GlobalSection(ProjectConfigurationPlatforms) = postSolution
		{B762AD97-6594-4421-8201-1A21299E5FB7}.Debug|Any CPU.ActiveCfg = Debug|Any CPU
		{B762AD97-6594-4421-8201-1A21299E5FB7}.Debug|Any CPU.Build.0 = Debug|Any CPU
		{B762AD97-6594-4421-8201-1A21299E5FB7}.Release|Any CPU.ActiveCfg = Release|Any CPU
		{B762AD97-6594-4421-8201-1A21299E5FB7}.Release|Any CPU.Build.0 = Release|Any CPU
	EndGlobalSection
	GlobalSection(SolutionProperties) = preSolution
		HideSolutionNode = FALSE
	EndGlobalSection
	GlobalSection(ExtensibilityGlobals) = postSolution
		SolutionGuid = {18CF2BBF-8BAC-452D-98ED-1B90DBB7E904}
	EndGlobalSection
EndGlobal
